<?xml version="1.0" encoding="utf-8"?>
<Project ToolsVersion="4.0" xmlns="http://schemas.microsoft.com/developer/msbuild/2003">
  <ItemGroup>
    <ClCompile Include="src\EditorApp.cpp" />
    <ClCompile Include="src\Viewport.cpp" />
  </ItemGroup>
  <ItemGroup>
    <ClInclude Include="src\EditorApp.h" />
    <ClInclude Include="src\Viewport.h" />
  </ItemGroup>
  <ItemGroup>
    <None Include="assets\shaders\FlatColor.glsl" />
    <None Include="assets\shaders\Texture.glsl" />
  </ItemGroup>
</Project>