<?xml version="1.0" encoding="utf-8"?>
<Project ToolsVersion="4.0" xmlns="http://schemas.microsoft.com/developer/msbuild/2003">
  <ItemGroup>
    <Filter Include="Fonts">
      <UniqueIdentifier>{CF74300D-3B89-58BE-040B-FC1D70DE54EF}</UniqueIdentifier>
    </Filter>
    <Filter Include="Utilities">
      <UniqueIdentifier>{010A8043-6D74-34BA-B6B2-E55F225C120F}</UniqueIdentifier>
    </Filter>
    <Filter Include="Widgets">
      <UniqueIdentifier>{7CB70329-E896-82C4-F1AE-0D9B5D0DE925}</UniqueIdentifier>
    </Filter>
    <Filter Include="thid_party">
      <UniqueIdentifier>{9D87813B-893F-C388-F246-9CE4DE1D5E79}</UniqueIdentifier>
    </Filter>
    <Filter Include="thid_party\edlib">
      <UniqueIdentifier>{0CD9C0B8-F8D1-DF0A-2104-C58F0D5CBF16}</UniqueIdentifier>
    </Filter>
  </ItemGroup>
  <ItemGroup>
    <ClInclude Include="src\AssetBrowser.h" />
    <ClInclude Include="src\Assets.h" />
    <ClInclude Include="src\CodeEditor.h" />
    <ClInclude Include="src\ComponentWidgets.h" />
    <ClInclude Include="src\EditorApp.h" />
    <ClInclude Include="src\EditorConfig.h" />
    <ClInclude Include="src\FileDrop.h" />
    <ClInclude Include="src\FileWatcherThread.h" />
    <ClInclude Include="src\Fonts\Font.h">
      <Filter>Fonts</Filter>
    </ClInclude>
    <ClInclude Include="src\Fonts\IconsForkAwesome.h">
      <Filter>Fonts</Filter>
    </ClInclude>
    <ClInclude Include="src\FuzzyFileSearch.h" />
    <ClInclude Include="src\Hierarchy.h" />
    <ClInclude Include="src\Inspector.h" />
    <ClInclude Include="src\LogSink.h" />
    <ClInclude Include="src\LogWindow.h" />
    <ClInclude Include="src\Project.h" />
    <ClInclude Include="src\Style.h" />
    <ClInclude Include="src\Utilities\GLFWHelpers.h">
      <Filter>Utilities</Filter>
    </ClInclude>
    <ClInclude Include="src\Viewport.h" />
    <ClInclude Include="src\Widgets\TextEditor.h">
      <Filter>Widgets</Filter>
    </ClInclude>
    <ClInclude Include="src\thid_party\edlib\edlib.h">
      <Filter>thid_party\edlib</Filter>
    </ClInclude>
    <ClInclude Include="src\thid_party\platform_folders.h">
      <Filter>thid_party</Filter>
    </ClInclude>
  </ItemGroup>
  <ItemGroup>
    <ClCompile Include="src\AssetBrowser.cpp" />
    <ClCompile Include="src\CodeEditor.cpp" />
    <ClCompile Include="src\ComponentWidgets.cpp" />
    <ClCompile Include="src\EditorApp.cpp" />
    <ClCompile Include="src\FileDrop.cpp" />
    <ClCompile Include="src\FileWatcherThread.cpp" />
    <ClCompile Include="src\Fonts\Pinch.cpp">
      <Filter>Fonts</Filter>
    </ClCompile>
    <ClCompile Include="src\Fonts\PinchMono.cpp">
      <Filter>Fonts</Filter>
    </ClCompile>
    <ClCompile Include="src\Fonts\Roboto.cpp">
      <Filter>Fonts</Filter>
    </ClCompile>
    <ClCompile Include="src\Fonts\RobotoMono.cpp">
      <Filter>Fonts</Filter>
    </ClCompile>
    <ClCompile Include="src\FuzzyFileSearch.cpp" />
    <ClCompile Include="src\Hierarchy.cpp" />
    <ClCompile Include="src\Inspector.cpp" />
    <ClCompile Include="src\LogWindow.cpp" />
    <ClCompile Include="src\Project.cpp" />
    <ClCompile Include="src\Utilities\GLFWHelpers.cpp">
      <Filter>Utilities</Filter>
    </ClCompile>
    <ClCompile Include="src\Viewport.cpp" />
    <ClCompile Include="src\Widgets\TextEditor.cpp">
      <Filter>Widgets</Filter>
    </ClCompile>
    <ClCompile Include="src\thid_party\edlib\edlib.cpp">
      <Filter>thid_party\edlib</Filter>
    </ClCompile>
    <ClCompile Include="src\thid_party\platform_folders.cpp">
      <Filter>thid_party</Filter>
    </ClCompile>
  </ItemGroup>
</Project>