<?xml version="1.0" encoding="utf-8"?>
<Project ToolsVersion="4.0" xmlns="http://schemas.microsoft.com/developer/msbuild/2003">
  <ItemGroup>
    <Filter Include="src">
      <UniqueIdentifier>{2DAB880B-99B4-887C-2230-9F7C8E38947C}</UniqueIdentifier>
    </Filter>
    <Filter Include="src\Chroma">
      <UniqueIdentifier>{56DE2109-4296-6356-AB9D-3CB29774FE46}</UniqueIdentifier>
    </Filter>
    <Filter Include="src\Chroma\Assets">
      <UniqueIdentifier>{78E8AB90-E4FE-A926-2D76-354899CB7AAE}</UniqueIdentifier>
    </Filter>
    <Filter Include="src\Chroma\Audio">
      <UniqueIdentifier>{D7541DED-C34D-3C3F-EC7F-21C4D8D71B4B}</UniqueIdentifier>
    </Filter>
    <Filter Include="src\Chroma\Components">
      <UniqueIdentifier>{AB61694C-17CE-2447-E0C1-BCA44CED46AF}</UniqueIdentifier>
    </Filter>
    <Filter Include="src\Chroma\Core">
      <UniqueIdentifier>{6E68118B-DAF3-7E4F-E304-02444F0FDB4F}</UniqueIdentifier>
    </Filter>
    <Filter Include="src\Chroma\Events">
      <UniqueIdentifier>{7A4D2F9A-E663-2D30-2FDB-B8519B30FEB7}</UniqueIdentifier>
    </Filter>
    <Filter Include="src\Chroma\ImGui">
      <UniqueIdentifier>{003CA9ED-EC34-C83F-1567-ADC401BFA74B}</UniqueIdentifier>
    </Filter>
    <Filter Include="src\Chroma\ImGui\Widgets">
      <UniqueIdentifier>{666B7F36-5290-CEB6-7BDB-B346675FCDD4}</UniqueIdentifier>
    </Filter>
    <Filter Include="src\Chroma\Images">
      <UniqueIdentifier>{3BC2DEA2-A7D8-DC38-F04F-685A5CA5ADC0}</UniqueIdentifier>
    </Filter>
    <Filter Include="src\Chroma\Math">
      <UniqueIdentifier>{EFA8168B-5B34-844F-6445-0744D04FE04F}</UniqueIdentifier>
    </Filter>
    <Filter Include="src\Chroma\Platform">
      <UniqueIdentifier>{6A9B56FF-D6FC-330D-5F6A-7ABFCBCA6ACC}</UniqueIdentifier>
    </Filter>
    <Filter Include="src\Chroma\Platform\OpenGL">
      <UniqueIdentifier>{5E091934-4A19-C504-B3D2-29239F01B49D}</UniqueIdentifier>
    </Filter>
    <Filter Include="src\Chroma\Platform\Windows">
      <UniqueIdentifier>{A40F560F-101D-84F5-9903-80E0051050AC}</UniqueIdentifier>
    </Filter>
    <Filter Include="src\Chroma\Profiler">
      <UniqueIdentifier>{6880E0EC-D4E1-BDFA-5D4F-04ADC9AFF4B9}</UniqueIdentifier>
    </Filter>
    <Filter Include="src\Chroma\Renderer">
      <UniqueIdentifier>{BCA233DA-2804-11E8-B171-579A1DD247A7}</UniqueIdentifier>
    </Filter>
    <Filter Include="src\Chroma\Scene">
      <UniqueIdentifier>{F33359EE-DF2C-7840-085F-5DC5F4B6574C}</UniqueIdentifier>
    </Filter>
    <Filter Include="src\Chroma\Scripting">
      <UniqueIdentifier>{D8B6FBFC-C445-85C6-6D64-99C159D2956C}</UniqueIdentifier>
    </Filter>
    <Filter Include="src\Chroma\Systems">
      <UniqueIdentifier>{5D2AC81D-490E-8973-B26E-83C69E7173F5}</UniqueIdentifier>
    </Filter>
    <Filter Include="src\Chroma\Utilities">
      <UniqueIdentifier>{416608E8-2DF5-91B1-D613-A6ACC281A257}</UniqueIdentifier>
    </Filter>
    <Filter Include="third_party">
      <UniqueIdentifier>{0FB18DF1-7B66-06E7-045B-00BE700FFDEA}</UniqueIdentifier>
    </Filter>
    <Filter Include="third_party\ImGuizmo">
      <UniqueIdentifier>{4FC46CC1-3B53-F68A-E471-0A86D0DF0631}</UniqueIdentifier>
    </Filter>
    <Filter Include="third_party\yaml-cpp">
      <UniqueIdentifier>{A1B8E9C9-8D47-7393-3666-878E22D48339}</UniqueIdentifier>
    </Filter>
    <Filter Include="third_party\yaml-cpp\include">
      <UniqueIdentifier>{14F1F150-00AC-E1FC-A963-5A4795FD2B8D}</UniqueIdentifier>
    </Filter>
    <Filter Include="third_party\yaml-cpp\include\yaml-cpp">
      <UniqueIdentifier>{46CE4A72-B292-4962-7BF8-792CE77BE597}</UniqueIdentifier>
    </Filter>
    <Filter Include="third_party\yaml-cpp\include\yaml-cpp\contrib">
      <UniqueIdentifier>{46FC0F49-B26C-12C2-7B8B-8C4AE7BA4AC3}</UniqueIdentifier>
    </Filter>
    <Filter Include="third_party\yaml-cpp\include\yaml-cpp\node">
      <UniqueIdentifier>{DB60159E-C7C8-DB6B-3034-F0811CBBF257}</UniqueIdentifier>
    </Filter>
    <Filter Include="third_party\yaml-cpp\include\yaml-cpp\node\detail">
      <UniqueIdentifier>{3D743433-A93A-914F-F295-1FB25E9BFFB3}</UniqueIdentifier>
    </Filter>
    <Filter Include="third_party\yaml-cpp\src">
      <UniqueIdentifier>{38DF82A3-2404-D223-4D4F-B7B339D3D041}</UniqueIdentifier>
    </Filter>
    <Filter Include="third_party\yaml-cpp\src\contrib">
      <UniqueIdentifier>{38DFFA16-2430-E658-4D94-D41A394479C2}</UniqueIdentifier>
    </Filter>
  </ItemGroup>
  <ItemGroup>
    <ClInclude Include="src\Chroma.h">
      <Filter>src</Filter>
    </ClInclude>
    <ClInclude Include="src\Chroma\Assets\Asset.h">
      <Filter>src\Chroma\Assets</Filter>
    </ClInclude>
    <ClInclude Include="src\Chroma\Assets\AssetManager.h">
      <Filter>src\Chroma\Assets</Filter>
    </ClInclude>
    <ClInclude Include="src\Chroma\Assets\Sprite.h">
      <Filter>src\Chroma\Assets</Filter>
    </ClInclude>
    <ClInclude Include="src\Chroma\Audio\Audio.h">
      <Filter>src\Chroma\Audio</Filter>
    </ClInclude>
    <ClInclude Include="src\Chroma\Audio\ChromaFMOD.h">
      <Filter>src\Chroma\Audio</Filter>
    </ClInclude>
    <ClInclude Include="src\Chroma\Components\AudioSource.h">
      <Filter>src\Chroma\Components</Filter>
    </ClInclude>
    <ClInclude Include="src\Chroma\Components\BoxCollider.h">
      <Filter>src\Chroma\Components</Filter>
    </ClInclude>
    <ClInclude Include="src\Chroma\Components\CSharpScript.h">
      <Filter>src\Chroma\Components</Filter>
    </ClInclude>
    <ClInclude Include="src\Chroma\Components\Camera.h">
      <Filter>src\Chroma\Components</Filter>
    </ClInclude>
    <ClInclude Include="src\Chroma\Components\CircleCollider.h">
      <Filter>src\Chroma\Components</Filter>
    </ClInclude>
    <ClInclude Include="src\Chroma\Components\LuaScript.h">
      <Filter>src\Chroma\Components</Filter>
    </ClInclude>
    <ClInclude Include="src\Chroma\Components\NativeScript.h">
      <Filter>src\Chroma\Components</Filter>
    </ClInclude>
    <ClInclude Include="src\Chroma\Components\Relationship.h">
      <Filter>src\Chroma\Components</Filter>
    </ClInclude>
    <ClInclude Include="src\Chroma\Components\ScriptComponent.h">
      <Filter>src\Chroma\Components</Filter>
    </ClInclude>
    <ClInclude Include="src\Chroma\Components\SpriteRenderer.h">
      <Filter>src\Chroma\Components</Filter>
    </ClInclude>
    <ClInclude Include="src\Chroma\Components\Tag.h">
      <Filter>src\Chroma\Components</Filter>
    </ClInclude>
    <ClInclude Include="src\Chroma\Components\Transform.h">
      <Filter>src\Chroma\Components</Filter>
    </ClInclude>
    <ClInclude Include="src\Chroma\Core\Application.h">
      <Filter>src\Chroma\Core</Filter>
    </ClInclude>
    <ClInclude Include="src\Chroma\Core\Core.h">
      <Filter>src\Chroma\Core</Filter>
    </ClInclude>
    <ClInclude Include="src\Chroma\Core\EntryPoint.h">
      <Filter>src\Chroma\Core</Filter>
    </ClInclude>
    <ClInclude Include="src\Chroma\Core\Input.h">
      <Filter>src\Chroma\Core</Filter>
    </ClInclude>
    <ClInclude Include="src\Chroma\Core\KeyCodes.h">
      <Filter>src\Chroma\Core</Filter>
    </ClInclude>
    <ClInclude Include="src\Chroma\Core\Log.h">
      <Filter>src\Chroma\Core</Filter>
    </ClInclude>
    <ClInclude Include="src\Chroma\Core\MouseButtonCodes.h">
      <Filter>src\Chroma\Core</Filter>
    </ClInclude>
    <ClInclude Include="src\Chroma\Core\Time.h">
      <Filter>src\Chroma\Core</Filter>
    </ClInclude>
    <ClInclude Include="src\Chroma\Core\Window.h">
      <Filter>src\Chroma\Core</Filter>
    </ClInclude>
    <ClInclude Include="src\Chroma\Core\World.h">
      <Filter>src\Chroma\Core</Filter>
    </ClInclude>
    <ClInclude Include="src\Chroma\Events\ApplicationEvent.h">
      <Filter>src\Chroma\Events</Filter>
    </ClInclude>
    <ClInclude Include="src\Chroma\Events\Event.h">
      <Filter>src\Chroma\Events</Filter>
    </ClInclude>
    <ClInclude Include="src\Chroma\Events\KeyEvent.h">
      <Filter>src\Chroma\Events</Filter>
    </ClInclude>
    <ClInclude Include="src\Chroma\Events\MouseEvent.h">
      <Filter>src\Chroma\Events</Filter>
    </ClInclude>
    <ClInclude Include="src\Chroma\ImGui\IconsForkAwesome.h">
      <Filter>src\Chroma\ImGui</Filter>
    </ClInclude>
    <ClInclude Include="src\Chroma\ImGui\ImGuiDebugMenu.h">
      <Filter>src\Chroma\ImGui</Filter>
    </ClInclude>
    <ClInclude Include="src\Chroma\ImGui\ImGuiHelper.h">
      <Filter>src\Chroma\ImGui</Filter>
    </ClInclude>
    <ClInclude Include="src\Chroma\ImGui\ImGuiLayer.h">
      <Filter>src\Chroma\ImGui</Filter>
    </ClInclude>
    <ClInclude Include="src\Chroma\ImGui\Widgets\AlternateCheckBox.h">
      <Filter>src\Chroma\ImGui\Widgets</Filter>
    </ClInclude>
    <ClInclude Include="src\Chroma\ImGui\Widgets\CollapsibleGroupPannel.h">
      <Filter>src\Chroma\ImGui\Widgets</Filter>
    </ClInclude>
    <ClInclude Include="src\Chroma\ImGui\Widgets\ComboFilter.h">
      <Filter>src\Chroma\ImGui\Widgets</Filter>
    </ClInclude>
    <ClInclude Include="src\Chroma\ImGui\Widgets\EditableList.h">
      <Filter>src\Chroma\ImGui\Widgets</Filter>
    </ClInclude>
    <ClInclude Include="src\Chroma\ImGui\Widgets\GroupPannel.h">
      <Filter>src\Chroma\ImGui\Widgets</Filter>
    </ClInclude>
    <ClInclude Include="src\Chroma\ImGui\Widgets\VecWithLabels.h">
      <Filter>src\Chroma\ImGui\Widgets</Filter>
    </ClInclude>
    <ClInclude Include="src\Chroma\Images\Aseprite.h">
      <Filter>src\Chroma\Images</Filter>
    </ClInclude>
    <ClInclude Include="src\Chroma\Images\BlendFunctions.h">
      <Filter>src\Chroma\Images</Filter>
    </ClInclude>
    <ClInclude Include="src\Chroma\Images\Color.h">
      <Filter>src\Chroma\Images</Filter>
    </ClInclude>
    <ClInclude Include="src\Chroma\Images\Font.h">
      <Filter>src\Chroma\Images</Filter>
    </ClInclude>
    <ClInclude Include="src\Chroma\Images\Image.h">
      <Filter>src\Chroma\Images</Filter>
    </ClInclude>
    <ClInclude Include="src\Chroma\Math\Common.h">
      <Filter>src\Chroma\Math</Filter>
    </ClInclude>
    <ClInclude Include="src\Chroma\Math\Decompose.h">
      <Filter>src\Chroma\Math</Filter>
    </ClInclude>
    <ClInclude Include="src\Chroma\Math\Exponential.h">
      <Filter>src\Chroma\Math</Filter>
    </ClInclude>
    <ClInclude Include="src\Chroma\Math\Ext.h">
      <Filter>src\Chroma\Math</Filter>
    </ClInclude>
    <ClInclude Include="src\Chroma\Math\Fwd.h">
      <Filter>src\Chroma\Math</Filter>
    </ClInclude>
    <ClInclude Include="src\Chroma\Math\Geometric.h">
      <Filter>src\Chroma\Math</Filter>
    </ClInclude>
    <ClInclude Include="src\Chroma\Math\Integer.h">
      <Filter>src\Chroma\Math</Filter>
    </ClInclude>
    <ClInclude Include="src\Chroma\Math\Mat2x2.h">
      <Filter>src\Chroma\Math</Filter>
    </ClInclude>
    <ClInclude Include="src\Chroma\Math\Mat2x3.h">
      <Filter>src\Chroma\Math</Filter>
    </ClInclude>
    <ClInclude Include="src\Chroma\Math\Mat2x4.h">
      <Filter>src\Chroma\Math</Filter>
    </ClInclude>
    <ClInclude Include="src\Chroma\Math\Mat3x2.h">
      <Filter>src\Chroma\Math</Filter>
    </ClInclude>
    <ClInclude Include="src\Chroma\Math\Mat3x3.h">
      <Filter>src\Chroma\Math</Filter>
    </ClInclude>
    <ClInclude Include="src\Chroma\Math\Mat3x4.h">
      <Filter>src\Chroma\Math</Filter>
    </ClInclude>
    <ClInclude Include="src\Chroma\Math\Mat4x2.h">
      <Filter>src\Chroma\Math</Filter>
    </ClInclude>
    <ClInclude Include="src\Chroma\Math\Mat4x3.h">
      <Filter>src\Chroma\Math</Filter>
    </ClInclude>
    <ClInclude Include="src\Chroma\Math\Mat4x4.h">
      <Filter>src\Chroma\Math</Filter>
    </ClInclude>
    <ClInclude Include="src\Chroma\Math\Math.h">
      <Filter>src\Chroma\Math</Filter>
    </ClInclude>
    <ClInclude Include="src\Chroma\Math\Matrix.h">
      <Filter>src\Chroma\Math</Filter>
    </ClInclude>
    <ClInclude Include="src\Chroma\Math\Packing.h">
      <Filter>src\Chroma\Math</Filter>
    </ClInclude>
    <ClInclude Include="src\Chroma\Math\Rect.h">
      <Filter>src\Chroma\Math</Filter>
    </ClInclude>
    <ClInclude Include="src\Chroma\Math\RectI.h">
      <Filter>src\Chroma\Math</Filter>
    </ClInclude>
    <ClInclude Include="src\Chroma\Math\Trigonometric.h">
      <Filter>src\Chroma\Math</Filter>
    </ClInclude>
    <ClInclude Include="src\Chroma\Math\Vec2.h">
      <Filter>src\Chroma\Math</Filter>
    </ClInclude>
    <ClInclude Include="src\Chroma\Math\Vec3.h">
      <Filter>src\Chroma\Math</Filter>
    </ClInclude>
    <ClInclude Include="src\Chroma\Math\Vec4.h">
      <Filter>src\Chroma\Math</Filter>
    </ClInclude>
    <ClInclude Include="src\Chroma\Math\Vector_Relational.h">
      <Filter>src\Chroma\Math</Filter>
    </ClInclude>
    <ClInclude Include="src\Chroma\Platform\OpenGL\OpenGLBuffer.h">
      <Filter>src\Chroma\Platform\OpenGL</Filter>
    </ClInclude>
    <ClInclude Include="src\Chroma\Platform\OpenGL\OpenGLContext.h">
      <Filter>src\Chroma\Platform\OpenGL</Filter>
    </ClInclude>
    <ClInclude Include="src\Chroma\Platform\OpenGL\OpenGLFramebuffer.h">
      <Filter>src\Chroma\Platform\OpenGL</Filter>
    </ClInclude>
    <ClInclude Include="src\Chroma\Platform\OpenGL\OpenGLRendererAPI.h">
      <Filter>src\Chroma\Platform\OpenGL</Filter>
    </ClInclude>
    <ClInclude Include="src\Chroma\Platform\OpenGL\OpenGLShader.h">
      <Filter>src\Chroma\Platform\OpenGL</Filter>
    </ClInclude>
    <ClInclude Include="src\Chroma\Platform\OpenGL\OpenGLTexture.h">
      <Filter>src\Chroma\Platform\OpenGL</Filter>
    </ClInclude>
    <ClInclude Include="src\Chroma\Platform\OpenGL\OpenGLVertexArray.h">
      <Filter>src\Chroma\Platform\OpenGL</Filter>
    </ClInclude>
    <ClInclude Include="src\Chroma\Platform\Windows\WindowsWindow.h">
      <Filter>src\Chroma\Platform\Windows</Filter>
    </ClInclude>
    <ClInclude Include="src\Chroma\Profiler\Instrumentor.h">
      <Filter>src\Chroma\Profiler</Filter>
    </ClInclude>
    <ClInclude Include="src\Chroma\Renderer\Buffer.h">
      <Filter>src\Chroma\Renderer</Filter>
    </ClInclude>
    <ClInclude Include="src\Chroma\Renderer\Framebuffer.h">
      <Filter>src\Chroma\Renderer</Filter>
    </ClInclude>
    <ClInclude Include="src\Chroma\Renderer\Frustum.h">
      <Filter>src\Chroma\Renderer</Filter>
    </ClInclude>
    <ClInclude Include="src\Chroma\Renderer\GraphicsContext.h">
      <Filter>src\Chroma\Renderer</Filter>
    </ClInclude>
    <ClInclude Include="src\Chroma\Renderer\OrthographicCamera.h">
      <Filter>src\Chroma\Renderer</Filter>
    </ClInclude>
    <ClInclude Include="src\Chroma\Renderer\OrthographicCameraController.h">
      <Filter>src\Chroma\Renderer</Filter>
    </ClInclude>
    <ClInclude Include="src\Chroma\Renderer\RenderCommand.h">
      <Filter>src\Chroma\Renderer</Filter>
    </ClInclude>
    <ClInclude Include="src\Chroma\Renderer\Renderer.h">
      <Filter>src\Chroma\Renderer</Filter>
    </ClInclude>
    <ClInclude Include="src\Chroma\Renderer\Renderer2D.h">
      <Filter>src\Chroma\Renderer</Filter>
    </ClInclude>
    <ClInclude Include="src\Chroma\Renderer\RendererAPI.h">
      <Filter>src\Chroma\Renderer</Filter>
    </ClInclude>
    <ClInclude Include="src\Chroma\Renderer\Shader.h">
      <Filter>src\Chroma\Renderer</Filter>
    </ClInclude>
    <ClInclude Include="src\Chroma\Renderer\Texture.h">
      <Filter>src\Chroma\Renderer</Filter>
    </ClInclude>
    <ClInclude Include="src\Chroma\Renderer\VertexArray.h">
      <Filter>src\Chroma\Renderer</Filter>
    </ClInclude>
    <ClInclude Include="src\Chroma\Scene\Component.h">
      <Filter>src\Chroma\Scene</Filter>
    </ClInclude>
    <ClInclude Include="src\Chroma\Scene\ECS.h">
      <Filter>src\Chroma\Scene</Filter>
    </ClInclude>
    <ClInclude Include="src\Chroma\Scene\Entity.h">
      <Filter>src\Chroma\Scene</Filter>
    </ClInclude>
    <ClInclude Include="src\Chroma\Scene\Inspectable.h">
      <Filter>src\Chroma\Scene</Filter>
    </ClInclude>
    <ClInclude Include="src\Chroma\Scene\Registry.h">
      <Filter>src\Chroma\Scene</Filter>
    </ClInclude>
    <ClInclude Include="src\Chroma\Scene\Scene.h">
      <Filter>src\Chroma\Scene</Filter>
    </ClInclude>
    <ClInclude Include="src\Chroma\Scene\System.h">
      <Filter>src\Chroma\Scene</Filter>
    </ClInclude>
    <ClInclude Include="src\Chroma\Scripting\Bindings.h">
      <Filter>src\Chroma\Scripting</Filter>
    </ClInclude>
    <ClInclude Include="src\Chroma\Scripting\LuaScripting.h">
      <Filter>src\Chroma\Scripting</Filter>
    </ClInclude>
    <ClInclude Include="src\Chroma\Scripting\MonoScripting.h">
      <Filter>src\Chroma\Scripting</Filter>
    </ClInclude>
    <ClInclude Include="src\Chroma\Scripting\ScriptEngineRegistry.h">
      <Filter>src\Chroma\Scripting</Filter>
    </ClInclude>
    <ClInclude Include="src\Chroma\Scripting\ScriptModuleField.h">
      <Filter>src\Chroma\Scripting</Filter>
    </ClInclude>
    <ClInclude Include="src\Chroma\Scripting\ScriptWrappers.h">
      <Filter>src\Chroma\Scripting</Filter>
    </ClInclude>
    <ClInclude Include="src\Chroma\Systems\AudioSystem.h">
      <Filter>src\Chroma\Systems</Filter>
    </ClInclude>
    <ClInclude Include="src\Chroma\Systems\CameraSystem.h">
      <Filter>src\Chroma\Systems</Filter>
    </ClInclude>
    <ClInclude Include="src\Chroma\Systems\CollisionSystem.h">
      <Filter>src\Chroma\Systems</Filter>
    </ClInclude>
    <ClInclude Include="src\Chroma\Systems\ScriptingSystem.h">
      <Filter>src\Chroma\Systems</Filter>
    </ClInclude>
    <ClInclude Include="src\Chroma\Systems\SpriteRendererSystem.h">
      <Filter>src\Chroma\Systems</Filter>
    </ClInclude>
    <ClInclude Include="src\Chroma\Utilities\ContainerHelpers.h">
      <Filter>src\Chroma\Utilities</Filter>
    </ClInclude>
    <ClInclude Include="src\Chroma\Utilities\FileDialogs.h">
      <Filter>src\Chroma\Utilities</Filter>
    </ClInclude>
    <ClInclude Include="src\Chroma\Utilities\FileWatcher.h">
      <Filter>src\Chroma\Utilities</Filter>
    </ClInclude>
    <ClInclude Include="src\Chroma\Utilities\GUID.h">
      <Filter>src\Chroma\Utilities</Filter>
    </ClInclude>
    <ClInclude Include="src\Chroma\Utilities\StringHelper.h">
      <Filter>src\Chroma\Utilities</Filter>
    </ClInclude>
    <ClInclude Include="src\Chroma\Utilities\Yaml.h">
      <Filter>src\Chroma\Utilities</Filter>
    </ClInclude>
    <ClInclude Include="src\MonoBindings.h">
      <Filter>src</Filter>
    </ClInclude>
    <ClInclude Include="src\chromapch.h">
      <Filter>src</Filter>
    </ClInclude>
    <ClInclude Include="third_party\yaml-cpp\include\yaml-cpp\anchor.h">
      <Filter>third_party\yaml-cpp\include\yaml-cpp</Filter>
    </ClInclude>
    <ClInclude Include="third_party\yaml-cpp\include\yaml-cpp\binary.h">
      <Filter>third_party\yaml-cpp\include\yaml-cpp</Filter>
    </ClInclude>
    <ClInclude Include="third_party\yaml-cpp\include\yaml-cpp\contrib\anchordict.h">
      <Filter>third_party\yaml-cpp\include\yaml-cpp\contrib</Filter>
    </ClInclude>
    <ClInclude Include="third_party\yaml-cpp\include\yaml-cpp\contrib\graphbuilder.h">
      <Filter>third_party\yaml-cpp\include\yaml-cpp\contrib</Filter>
    </ClInclude>
    <ClInclude Include="third_party\yaml-cpp\include\yaml-cpp\depthguard.h">
      <Filter>third_party\yaml-cpp\include\yaml-cpp</Filter>
    </ClInclude>
    <ClInclude Include="third_party\yaml-cpp\include\yaml-cpp\dll.h">
      <Filter>third_party\yaml-cpp\include\yaml-cpp</Filter>
    </ClInclude>
    <ClInclude Include="third_party\yaml-cpp\include\yaml-cpp\emitfromevents.h">
      <Filter>third_party\yaml-cpp\include\yaml-cpp</Filter>
    </ClInclude>
    <ClInclude Include="third_party\yaml-cpp\include\yaml-cpp\emitter.h">
      <Filter>third_party\yaml-cpp\include\yaml-cpp</Filter>
    </ClInclude>
    <ClInclude Include="third_party\yaml-cpp\include\yaml-cpp\emitterdef.h">
      <Filter>third_party\yaml-cpp\include\yaml-cpp</Filter>
    </ClInclude>
    <ClInclude Include="third_party\yaml-cpp\include\yaml-cpp\emittermanip.h">
      <Filter>third_party\yaml-cpp\include\yaml-cpp</Filter>
    </ClInclude>
    <ClInclude Include="third_party\yaml-cpp\include\yaml-cpp\emitterstyle.h">
      <Filter>third_party\yaml-cpp\include\yaml-cpp</Filter>
    </ClInclude>
    <ClInclude Include="third_party\yaml-cpp\include\yaml-cpp\eventhandler.h">
      <Filter>third_party\yaml-cpp\include\yaml-cpp</Filter>
    </ClInclude>
    <ClInclude Include="third_party\yaml-cpp\include\yaml-cpp\exceptions.h">
      <Filter>third_party\yaml-cpp\include\yaml-cpp</Filter>
    </ClInclude>
    <ClInclude Include="third_party\yaml-cpp\include\yaml-cpp\mark.h">
      <Filter>third_party\yaml-cpp\include\yaml-cpp</Filter>
    </ClInclude>
    <ClInclude Include="third_party\yaml-cpp\include\yaml-cpp\node\convert.h">
      <Filter>third_party\yaml-cpp\include\yaml-cpp\node</Filter>
    </ClInclude>
    <ClInclude Include="third_party\yaml-cpp\include\yaml-cpp\node\detail\impl.h">
      <Filter>third_party\yaml-cpp\include\yaml-cpp\node\detail</Filter>
    </ClInclude>
    <ClInclude Include="third_party\yaml-cpp\include\yaml-cpp\node\detail\iterator.h">
      <Filter>third_party\yaml-cpp\include\yaml-cpp\node\detail</Filter>
    </ClInclude>
    <ClInclude Include="third_party\yaml-cpp\include\yaml-cpp\node\detail\iterator_fwd.h">
      <Filter>third_party\yaml-cpp\include\yaml-cpp\node\detail</Filter>
    </ClInclude>
    <ClInclude Include="third_party\yaml-cpp\include\yaml-cpp\node\detail\memory.h">
      <Filter>third_party\yaml-cpp\include\yaml-cpp\node\detail</Filter>
    </ClInclude>
    <ClInclude Include="third_party\yaml-cpp\include\yaml-cpp\node\detail\node.h">
      <Filter>third_party\yaml-cpp\include\yaml-cpp\node\detail</Filter>
    </ClInclude>
    <ClInclude Include="third_party\yaml-cpp\include\yaml-cpp\node\detail\node_data.h">
      <Filter>third_party\yaml-cpp\include\yaml-cpp\node\detail</Filter>
    </ClInclude>
    <ClInclude Include="third_party\yaml-cpp\include\yaml-cpp\node\detail\node_iterator.h">
      <Filter>third_party\yaml-cpp\include\yaml-cpp\node\detail</Filter>
    </ClInclude>
    <ClInclude Include="third_party\yaml-cpp\include\yaml-cpp\node\detail\node_ref.h">
      <Filter>third_party\yaml-cpp\include\yaml-cpp\node\detail</Filter>
    </ClInclude>
    <ClInclude Include="third_party\yaml-cpp\include\yaml-cpp\node\emit.h">
      <Filter>third_party\yaml-cpp\include\yaml-cpp\node</Filter>
    </ClInclude>
    <ClInclude Include="third_party\yaml-cpp\include\yaml-cpp\node\impl.h">
      <Filter>third_party\yaml-cpp\include\yaml-cpp\node</Filter>
    </ClInclude>
    <ClInclude Include="third_party\yaml-cpp\include\yaml-cpp\node\iterator.h">
      <Filter>third_party\yaml-cpp\include\yaml-cpp\node</Filter>
    </ClInclude>
    <ClInclude Include="third_party\yaml-cpp\include\yaml-cpp\node\node.h">
      <Filter>third_party\yaml-cpp\include\yaml-cpp\node</Filter>
    </ClInclude>
    <ClInclude Include="third_party\yaml-cpp\include\yaml-cpp\node\parse.h">
      <Filter>third_party\yaml-cpp\include\yaml-cpp\node</Filter>
    </ClInclude>
    <ClInclude Include="third_party\yaml-cpp\include\yaml-cpp\node\ptr.h">
      <Filter>third_party\yaml-cpp\include\yaml-cpp\node</Filter>
    </ClInclude>
    <ClInclude Include="third_party\yaml-cpp\include\yaml-cpp\node\type.h">
      <Filter>third_party\yaml-cpp\include\yaml-cpp\node</Filter>
    </ClInclude>
    <ClInclude Include="third_party\yaml-cpp\include\yaml-cpp\noexcept.h">
      <Filter>third_party\yaml-cpp\include\yaml-cpp</Filter>
    </ClInclude>
    <ClInclude Include="third_party\yaml-cpp\include\yaml-cpp\null.h">
      <Filter>third_party\yaml-cpp\include\yaml-cpp</Filter>
    </ClInclude>
    <ClInclude Include="third_party\yaml-cpp\include\yaml-cpp\ostream_wrapper.h">
      <Filter>third_party\yaml-cpp\include\yaml-cpp</Filter>
    </ClInclude>
    <ClInclude Include="third_party\yaml-cpp\include\yaml-cpp\parser.h">
      <Filter>third_party\yaml-cpp\include\yaml-cpp</Filter>
    </ClInclude>
    <ClInclude Include="third_party\yaml-cpp\include\yaml-cpp\stlemitter.h">
      <Filter>third_party\yaml-cpp\include\yaml-cpp</Filter>
    </ClInclude>
    <ClInclude Include="third_party\yaml-cpp\include\yaml-cpp\traits.h">
      <Filter>third_party\yaml-cpp\include\yaml-cpp</Filter>
    </ClInclude>
    <ClInclude Include="third_party\yaml-cpp\include\yaml-cpp\yaml.h">
      <Filter>third_party\yaml-cpp\include\yaml-cpp</Filter>
    </ClInclude>
    <ClInclude Include="third_party\yaml-cpp\src\collectionstack.h">
      <Filter>third_party\yaml-cpp\src</Filter>
    </ClInclude>
    <ClInclude Include="third_party\yaml-cpp\src\contrib\graphbuilderadapter.h">
      <Filter>third_party\yaml-cpp\src\contrib</Filter>
    </ClInclude>
    <ClInclude Include="third_party\yaml-cpp\src\directives.h">
      <Filter>third_party\yaml-cpp\src</Filter>
    </ClInclude>
    <ClInclude Include="third_party\yaml-cpp\src\emitterstate.h">
      <Filter>third_party\yaml-cpp\src</Filter>
    </ClInclude>
    <ClInclude Include="third_party\yaml-cpp\src\emitterutils.h">
      <Filter>third_party\yaml-cpp\src</Filter>
    </ClInclude>
    <ClInclude Include="third_party\yaml-cpp\src\exp.h">
      <Filter>third_party\yaml-cpp\src</Filter>
    </ClInclude>
    <ClInclude Include="third_party\yaml-cpp\src\indentation.h">
      <Filter>third_party\yaml-cpp\src</Filter>
    </ClInclude>
    <ClInclude Include="third_party\yaml-cpp\src\nodebuilder.h">
      <Filter>third_party\yaml-cpp\src</Filter>
    </ClInclude>
    <ClInclude Include="third_party\yaml-cpp\src\nodeevents.h">
      <Filter>third_party\yaml-cpp\src</Filter>
    </ClInclude>
    <ClInclude Include="third_party\yaml-cpp\src\ptr_vector.h">
      <Filter>third_party\yaml-cpp\src</Filter>
    </ClInclude>
    <ClInclude Include="third_party\yaml-cpp\src\regex_yaml.h">
      <Filter>third_party\yaml-cpp\src</Filter>
    </ClInclude>
    <ClInclude Include="third_party\yaml-cpp\src\regeximpl.h">
      <Filter>third_party\yaml-cpp\src</Filter>
    </ClInclude>
    <ClInclude Include="third_party\yaml-cpp\src\scanner.h">
      <Filter>third_party\yaml-cpp\src</Filter>
    </ClInclude>
    <ClInclude Include="third_party\yaml-cpp\src\scanscalar.h">
      <Filter>third_party\yaml-cpp\src</Filter>
    </ClInclude>
    <ClInclude Include="third_party\yaml-cpp\src\scantag.h">
      <Filter>third_party\yaml-cpp\src</Filter>
    </ClInclude>
    <ClInclude Include="third_party\yaml-cpp\src\setting.h">
      <Filter>third_party\yaml-cpp\src</Filter>
    </ClInclude>
    <ClInclude Include="third_party\yaml-cpp\src\singledocparser.h">
      <Filter>third_party\yaml-cpp\src</Filter>
    </ClInclude>
    <ClInclude Include="third_party\yaml-cpp\src\stream.h">
      <Filter>third_party\yaml-cpp\src</Filter>
    </ClInclude>
    <ClInclude Include="third_party\yaml-cpp\src\streamcharsource.h">
      <Filter>third_party\yaml-cpp\src</Filter>
    </ClInclude>
    <ClInclude Include="third_party\yaml-cpp\src\stringsource.h">
      <Filter>third_party\yaml-cpp\src</Filter>
    </ClInclude>
    <ClInclude Include="third_party\yaml-cpp\src\tag.h">
      <Filter>third_party\yaml-cpp\src</Filter>
    </ClInclude>
    <ClInclude Include="third_party\yaml-cpp\src\token.h">
      <Filter>third_party\yaml-cpp\src</Filter>
    </ClInclude>
    <ClInclude Include="src\Chroma\Renderer\UniformBuffer.h" />
    <ClInclude Include="src\Chroma\Platform\OpenGL\OpenGLUniformBuffer.h" />
    <ClInclude Include="src\Chroma\Scene\World.h" />
  </ItemGroup>
  <ItemGroup>
    <ClCompile Include="src\Chroma\Assets\AssetManager.cpp">
      <Filter>src\Chroma\Assets</Filter>
    </ClCompile>
    <ClCompile Include="src\Chroma\Assets\Sprite.cpp">
      <Filter>src\Chroma\Assets</Filter>
    </ClCompile>
    <ClCompile Include="src\Chroma\Audio\Audio.cpp">
      <Filter>src\Chroma\Audio</Filter>
    </ClCompile>
    <ClCompile Include="src\Chroma\Audio\ChromaFMOD.cpp">
      <Filter>src\Chroma\Audio</Filter>
    </ClCompile>
    <ClCompile Include="src\Chroma\Components\AudioSource.cpp">
      <Filter>src\Chroma\Components</Filter>
    </ClCompile>
    <ClCompile Include="src\Chroma\Components\BoxCollider.cpp">
      <Filter>src\Chroma\Components</Filter>
    </ClCompile>
    <ClCompile Include="src\Chroma\Components\CSharpScript.cpp">
      <Filter>src\Chroma\Components</Filter>
    </ClCompile>
    <ClCompile Include="src\Chroma\Components\Camera.cpp">
      <Filter>src\Chroma\Components</Filter>
    </ClCompile>
    <ClCompile Include="src\Chroma\Components\CircleCollider.cpp">
      <Filter>src\Chroma\Components</Filter>
    </ClCompile>
    <ClCompile Include="src\Chroma\Components\LuaScript.cpp">
      <Filter>src\Chroma\Components</Filter>
    </ClCompile>
    <ClCompile Include="src\Chroma\Components\Relationship.cpp">
      <Filter>src\Chroma\Components</Filter>
    </ClCompile>
    <ClCompile Include="src\Chroma\Components\SpriteRenderer.cpp">
      <Filter>src\Chroma\Components</Filter>
    </ClCompile>
    <ClCompile Include="src\Chroma\Components\Tag.cpp">
      <Filter>src\Chroma\Components</Filter>
    </ClCompile>
    <ClCompile Include="src\Chroma\Components\Transform.cpp">
      <Filter>src\Chroma\Components</Filter>
    </ClCompile>
    <ClCompile Include="src\Chroma\Core\Application.cpp">
      <Filter>src\Chroma\Core</Filter>
    </ClCompile>
    <ClCompile Include="src\Chroma\Core\Log.cpp">
      <Filter>src\Chroma\Core</Filter>
    </ClCompile>
    <ClCompile Include="src\Chroma\Core\Time.cpp">
      <Filter>src\Chroma\Core</Filter>
    </ClCompile>
    <ClCompile Include="src\Chroma\ImGui\ImGuiBuild.cpp">
      <Filter>src\Chroma\ImGui</Filter>
    </ClCompile>
    <ClCompile Include="src\Chroma\ImGui\ImGuiDebugMenu.cpp">
      <Filter>src\Chroma\ImGui</Filter>
    </ClCompile>
    <ClCompile Include="src\Chroma\ImGui\ImGuiHelper.cpp">
      <Filter>src\Chroma\ImGui</Filter>
    </ClCompile>
    <ClCompile Include="src\Chroma\ImGui\ImGuiLayer.cpp">
      <Filter>src\Chroma\ImGui</Filter>
    </ClCompile>
    <ClCompile Include="src\Chroma\ImGui\Widgets\CollapsibleGroupPannel.cpp">
      <Filter>src\Chroma\ImGui\Widgets</Filter>
    </ClCompile>
    <ClCompile Include="src\Chroma\ImGui\Widgets\GroupPannel.cpp">
      <Filter>src\Chroma\ImGui\Widgets</Filter>
    </ClCompile>
    <ClCompile Include="src\Chroma\Images\Aseprite.cpp">
      <Filter>src\Chroma\Images</Filter>
    </ClCompile>
    <ClCompile Include="src\Chroma\Images\Color.cpp">
      <Filter>src\Chroma\Images</Filter>
    </ClCompile>
    <ClCompile Include="src\Chroma\Images\Font.cpp">
      <Filter>src\Chroma\Images</Filter>
    </ClCompile>
    <ClCompile Include="src\Chroma\Images\Image.cpp">
      <Filter>src\Chroma\Images</Filter>
    </ClCompile>
    <ClCompile Include="src\Chroma\Math\Decompose.cpp">
      <Filter>src\Chroma\Math</Filter>
    </ClCompile>
    <ClCompile Include="src\Chroma\Math\Math.cpp">
      <Filter>src\Chroma\Math</Filter>
    </ClCompile>
    <ClCompile Include="src\Chroma\Platform\OpenGL\OpenGLBuffer.cpp">
      <Filter>src\Chroma\Platform\OpenGL</Filter>
    </ClCompile>
    <ClCompile Include="src\Chroma\Platform\OpenGL\OpenGLContext.cpp">
      <Filter>src\Chroma\Platform\OpenGL</Filter>
    </ClCompile>
    <ClCompile Include="src\Chroma\Platform\OpenGL\OpenGLFramebuffer.cpp">
      <Filter>src\Chroma\Platform\OpenGL</Filter>
    </ClCompile>
    <ClCompile Include="src\Chroma\Platform\OpenGL\OpenGLRendererAPI.cpp">
      <Filter>src\Chroma\Platform\OpenGL</Filter>
    </ClCompile>
    <ClCompile Include="src\Chroma\Platform\OpenGL\OpenGLShader.cpp">
      <Filter>src\Chroma\Platform\OpenGL</Filter>
    </ClCompile>
    <ClCompile Include="src\Chroma\Platform\OpenGL\OpenGLTexture.cpp">
      <Filter>src\Chroma\Platform\OpenGL</Filter>
    </ClCompile>
    <ClCompile Include="src\Chroma\Platform\OpenGL\OpenGLVertexArray.cpp">
      <Filter>src\Chroma\Platform\OpenGL</Filter>
    </ClCompile>
    <ClCompile Include="src\Chroma\Platform\Windows\WindowsFileDialogs.cpp">
      <Filter>src\Chroma\Platform\Windows</Filter>
    </ClCompile>
    <ClCompile Include="src\Chroma\Platform\Windows\WindowsInput.cpp">
      <Filter>src\Chroma\Platform\Windows</Filter>
    </ClCompile>
    <ClCompile Include="src\Chroma\Platform\Windows\WindowsWindow.cpp">
      <Filter>src\Chroma\Platform\Windows</Filter>
    </ClCompile>
    <ClCompile Include="src\Chroma\Renderer\Buffer.cpp">
      <Filter>src\Chroma\Renderer</Filter>
    </ClCompile>
    <ClCompile Include="src\Chroma\Renderer\Framebuffer.cpp">
      <Filter>src\Chroma\Renderer</Filter>
    </ClCompile>
    <ClCompile Include="src\Chroma\Renderer\Frustum.cpp">
      <Filter>src\Chroma\Renderer</Filter>
    </ClCompile>
    <ClCompile Include="src\Chroma\Renderer\OrthographicCamera.cpp">
      <Filter>src\Chroma\Renderer</Filter>
    </ClCompile>
    <ClCompile Include="src\Chroma\Renderer\OrthographicCameraController.cpp">
      <Filter>src\Chroma\Renderer</Filter>
    </ClCompile>
    <ClCompile Include="src\Chroma\Renderer\RenderCommand.cpp">
      <Filter>src\Chroma\Renderer</Filter>
    </ClCompile>
    <ClCompile Include="src\Chroma\Renderer\Renderer.cpp">
      <Filter>src\Chroma\Renderer</Filter>
    </ClCompile>
    <ClCompile Include="src\Chroma\Renderer\Renderer2D.cpp">
      <Filter>src\Chroma\Renderer</Filter>
    </ClCompile>
    <ClCompile Include="src\Chroma\Renderer\RendererAPI.cpp">
      <Filter>src\Chroma\Renderer</Filter>
    </ClCompile>
    <ClCompile Include="src\Chroma\Renderer\Shader.cpp">
      <Filter>src\Chroma\Renderer</Filter>
    </ClCompile>
    <ClCompile Include="src\Chroma\Renderer\Texture.cpp">
      <Filter>src\Chroma\Renderer</Filter>
    </ClCompile>
    <ClCompile Include="src\Chroma\Renderer\VertexArray.cpp">
      <Filter>src\Chroma\Renderer</Filter>
    </ClCompile>
    <ClCompile Include="src\Chroma\Scene\Component.cpp">
      <Filter>src\Chroma\Scene</Filter>
    </ClCompile>
    <ClCompile Include="src\Chroma\Scene\ECS.cpp">
      <Filter>src\Chroma\Scene</Filter>
    </ClCompile>
    <ClCompile Include="src\Chroma\Scene\Entity.cpp">
      <Filter>src\Chroma\Scene</Filter>
    </ClCompile>
    <ClCompile Include="src\Chroma\Scene\Registry.cpp">
      <Filter>src\Chroma\Scene</Filter>
    </ClCompile>
    <ClCompile Include="src\Chroma\Scene\Scene.cpp">
      <Filter>src\Chroma\Scene</Filter>
    </ClCompile>
    <ClCompile Include="src\Chroma\Scripting\Bindings.cpp">
      <Filter>src\Chroma\Scripting</Filter>
    </ClCompile>
    <ClCompile Include="src\Chroma\Scripting\LuaScripting.cpp">
      <Filter>src\Chroma\Scripting</Filter>
    </ClCompile>
    <ClCompile Include="src\Chroma\Scripting\MonoScripting.cpp">
      <Filter>src\Chroma\Scripting</Filter>
    </ClCompile>
    <ClCompile Include="src\Chroma\Scripting\ScriptEngineRegistry.cpp">
      <Filter>src\Chroma\Scripting</Filter>
    </ClCompile>
    <ClCompile Include="src\Chroma\Scripting\ScriptWrappers.cpp">
      <Filter>src\Chroma\Scripting</Filter>
    </ClCompile>
    <ClCompile Include="src\Chroma\Systems\AudioSystem.cpp">
      <Filter>src\Chroma\Systems</Filter>
    </ClCompile>
    <ClCompile Include="src\Chroma\Systems\CameraSystem.cpp">
      <Filter>src\Chroma\Systems</Filter>
    </ClCompile>
    <ClCompile Include="src\Chroma\Systems\CollisionSystem.cpp">
      <Filter>src\Chroma\Systems</Filter>
    </ClCompile>
    <ClCompile Include="src\Chroma\Systems\ScriptingSystem.cpp">
      <Filter>src\Chroma\Systems</Filter>
    </ClCompile>
    <ClCompile Include="src\Chroma\Systems\SpriteRendererSystem.cpp">
      <Filter>src\Chroma\Systems</Filter>
    </ClCompile>
    <ClCompile Include="src\Chroma\Utilities\GUID.cpp">
      <Filter>src\Chroma\Utilities</Filter>
    </ClCompile>
    <ClCompile Include="src\Chroma\Utilities\Yaml.cpp">
      <Filter>src\Chroma\Utilities</Filter>
    </ClCompile>
    <ClCompile Include="src\chromapch.cpp">
      <Filter>src</Filter>
    </ClCompile>
    <ClCompile Include="third_party\ImGuizmo\GraphEditor.cpp">
      <Filter>third_party\ImGuizmo</Filter>
    </ClCompile>
    <ClCompile Include="third_party\ImGuizmo\ImCurveEdit.cpp">
      <Filter>third_party\ImGuizmo</Filter>
    </ClCompile>
    <ClCompile Include="third_party\ImGuizmo\ImGradient.cpp">
      <Filter>third_party\ImGuizmo</Filter>
    </ClCompile>
    <ClCompile Include="third_party\ImGuizmo\ImGuizmo.cpp">
      <Filter>third_party\ImGuizmo</Filter>
    </ClCompile>
    <ClCompile Include="third_party\ImGuizmo\ImSequencer.cpp">
      <Filter>third_party\ImGuizmo</Filter>
    </ClCompile>
    <ClCompile Include="third_party\yaml-cpp\src\binary.cpp">
      <Filter>third_party\yaml-cpp\src</Filter>
    </ClCompile>
    <ClCompile Include="third_party\yaml-cpp\src\contrib\graphbuilder.cpp">
      <Filter>third_party\yaml-cpp\src\contrib</Filter>
    </ClCompile>
    <ClCompile Include="third_party\yaml-cpp\src\contrib\graphbuilderadapter.cpp">
      <Filter>third_party\yaml-cpp\src\contrib</Filter>
    </ClCompile>
    <ClCompile Include="third_party\yaml-cpp\src\convert.cpp">
      <Filter>third_party\yaml-cpp\src</Filter>
    </ClCompile>
    <ClCompile Include="third_party\yaml-cpp\src\depthguard.cpp">
      <Filter>third_party\yaml-cpp\src</Filter>
    </ClCompile>
    <ClCompile Include="third_party\yaml-cpp\src\directives.cpp">
      <Filter>third_party\yaml-cpp\src</Filter>
    </ClCompile>
    <ClCompile Include="third_party\yaml-cpp\src\emit.cpp">
      <Filter>third_party\yaml-cpp\src</Filter>
    </ClCompile>
    <ClCompile Include="third_party\yaml-cpp\src\emitfromevents.cpp">
      <Filter>third_party\yaml-cpp\src</Filter>
    </ClCompile>
    <ClCompile Include="third_party\yaml-cpp\src\emitter.cpp">
      <Filter>third_party\yaml-cpp\src</Filter>
    </ClCompile>
    <ClCompile Include="third_party\yaml-cpp\src\emitterstate.cpp">
      <Filter>third_party\yaml-cpp\src</Filter>
    </ClCompile>
    <ClCompile Include="third_party\yaml-cpp\src\emitterutils.cpp">
      <Filter>third_party\yaml-cpp\src</Filter>
    </ClCompile>
    <ClCompile Include="third_party\yaml-cpp\src\exceptions.cpp">
      <Filter>third_party\yaml-cpp\src</Filter>
    </ClCompile>
    <ClCompile Include="third_party\yaml-cpp\src\exp.cpp">
      <Filter>third_party\yaml-cpp\src</Filter>
    </ClCompile>
    <ClCompile Include="third_party\yaml-cpp\src\memory.cpp">
      <Filter>third_party\yaml-cpp\src</Filter>
    </ClCompile>
    <ClCompile Include="third_party\yaml-cpp\src\node.cpp">
      <Filter>third_party\yaml-cpp\src</Filter>
    </ClCompile>
    <ClCompile Include="third_party\yaml-cpp\src\node_data.cpp">
      <Filter>third_party\yaml-cpp\src</Filter>
    </ClCompile>
    <ClCompile Include="third_party\yaml-cpp\src\nodebuilder.cpp">
      <Filter>third_party\yaml-cpp\src</Filter>
    </ClCompile>
    <ClCompile Include="third_party\yaml-cpp\src\nodeevents.cpp">
      <Filter>third_party\yaml-cpp\src</Filter>
    </ClCompile>
    <ClCompile Include="third_party\yaml-cpp\src\null.cpp">
      <Filter>third_party\yaml-cpp\src</Filter>
    </ClCompile>
    <ClCompile Include="third_party\yaml-cpp\src\ostream_wrapper.cpp">
      <Filter>third_party\yaml-cpp\src</Filter>
    </ClCompile>
    <ClCompile Include="third_party\yaml-cpp\src\parse.cpp">
      <Filter>third_party\yaml-cpp\src</Filter>
    </ClCompile>
    <ClCompile Include="third_party\yaml-cpp\src\parser.cpp">
      <Filter>third_party\yaml-cpp\src</Filter>
    </ClCompile>
    <ClCompile Include="third_party\yaml-cpp\src\regex_yaml.cpp">
      <Filter>third_party\yaml-cpp\src</Filter>
    </ClCompile>
    <ClCompile Include="third_party\yaml-cpp\src\scanner.cpp">
      <Filter>third_party\yaml-cpp\src</Filter>
    </ClCompile>
    <ClCompile Include="third_party\yaml-cpp\src\scanscalar.cpp">
      <Filter>third_party\yaml-cpp\src</Filter>
    </ClCompile>
    <ClCompile Include="third_party\yaml-cpp\src\scantag.cpp">
      <Filter>third_party\yaml-cpp\src</Filter>
    </ClCompile>
    <ClCompile Include="third_party\yaml-cpp\src\scantoken.cpp">
      <Filter>third_party\yaml-cpp\src</Filter>
    </ClCompile>
    <ClCompile Include="third_party\yaml-cpp\src\simplekey.cpp">
      <Filter>third_party\yaml-cpp\src</Filter>
    </ClCompile>
    <ClCompile Include="third_party\yaml-cpp\src\singledocparser.cpp">
      <Filter>third_party\yaml-cpp\src</Filter>
    </ClCompile>
    <ClCompile Include="third_party\yaml-cpp\src\stream.cpp">
      <Filter>third_party\yaml-cpp\src</Filter>
    </ClCompile>
    <ClCompile Include="third_party\yaml-cpp\src\tag.cpp">
      <Filter>third_party\yaml-cpp\src</Filter>
    </ClCompile>
    <ClCompile Include="src\Chroma\Renderer\UniformBuffer.cpp" />
    <ClCompile Include="src\Chroma\Platform\OpenGL\OpenGLUniformBuffer.cpp" />
    <ClCompile Include="src\Chroma\Scene\World.cpp" />
  </ItemGroup>
</Project>