<?xml version="1.0" encoding="utf-8"?>
<Project ToolsVersion="4.0" xmlns="http://schemas.microsoft.com/developer/msbuild/2003">
  <ItemGroup>
    <Filter Include="Chroma">
      <UniqueIdentifier>{1F05C3AB-0BA7-ED81-F461-01D6E0A274D2}</UniqueIdentifier>
    </Filter>
    <Filter Include="Chroma\Events">
      <UniqueIdentifier>{23D8F922-8F98-7559-58D3-BED6C452BA35}</UniqueIdentifier>
    </Filter>
  </ItemGroup>
  <ItemGroup>
    <ClInclude Include="src\Chroma.h" />
    <ClInclude Include="src\Chroma\Application.h">
      <Filter>Chroma</Filter>
    </ClInclude>
    <ClInclude Include="src\Chroma\Core.h">
      <Filter>Chroma</Filter>
    </ClInclude>
    <ClInclude Include="src\Chroma\EntryPoint.h">
      <Filter>Chroma</Filter>
    </ClInclude>
    <ClInclude Include="src\Chroma\Events\ApplicationEvent.h">
      <Filter>Chroma\Events</Filter>
    </ClInclude>
    <ClInclude Include="src\Chroma\Events\Event.h">
      <Filter>Chroma\Events</Filter>
    </ClInclude>
    <ClInclude Include="src\Chroma\Events\KeyEvent.h">
      <Filter>Chroma\Events</Filter>
    </ClInclude>
    <ClInclude Include="src\Chroma\Events\MouseEvent.h">
      <Filter>Chroma\Events</Filter>
    </ClInclude>
    <ClInclude Include="src\Chroma\Log.h">
      <Filter>Chroma</Filter>
    </ClInclude>
    <ClInclude Include="src\chromapch.h" />
  </ItemGroup>
  <ItemGroup>
    <ClCompile Include="src\Chroma\Application.cpp">
      <Filter>Chroma</Filter>
    </ClCompile>
    <ClCompile Include="src\Chroma\Log.cpp">
      <Filter>Chroma</Filter>
    </ClCompile>
    <ClCompile Include="src\chromapch.cpp" />
  </ItemGroup>
</Project>